
Microsoft Visual Studio Solution File, Format Version 12.00
# Visual Studio Version 17
VisualStudioVersion = 17.7.34024.191
MinimumVisualStudioVersion = 10.0.40219.1
Project("{8BC9CEB8-8B4A-11D0-8D11-00A0C91BC942}") = "BilliardsAdrift", "projects\BilliardsAdrift\BilliardsAdrift.vcxproj", "{CF4D3549-1A1D-41BB-B2F9-DDC0308A50C5}"
EndProject
Global
	GlobalSection(SolutionConfigurationPlatforms) = preSolution
		Debug|x64 = Debug|x64
		Debug|x86 = Debug|x86
		Release|x64 = Release|x64
		Release|x86 = Release|x86
	EndGlobalSection
	GlobalSection(ProjectConfigurationPlatforms) = postSolution
		{CF4D3549-1A1D-41BB-B2F9-DDC0308A50C5}.Debug|x64.ActiveCfg = Debug|x64
		{CF4D3549-1A1D-41BB-B2F9-DDC0308A50C5}.Debug|x64.Build.0 = Debug|x64
		{CF4D3549-1A1D-41BB-B2F9-DDC0308A50C5}.Debug|x86.ActiveCfg = Debug|Win32
		{CF4D3549-1A1D-41BB-B2F9-DDC0308A50C5}.Debug|x86.Build.0 = Debug|Win32
		{CF4D3549-1A1D-41BB-B2F9-DDC0308A50C5}.Release|x64.ActiveCfg = Release|x64
		{CF4D3549-1A1D-41BB-B2F9-DDC0308A50C5}.Release|x64.Build.0 = Release|x64
		{CF4D3549-1A1D-41BB-B2F9-DDC0308A50C5}.Release|x86.ActiveCfg = Release|Win32
		{CF4D3549-1A1D-41BB-B2F9-DDC0308A50C5}.Release|x86.Build.0 = Release|Win32
	EndGlobalSection
	GlobalSection(SolutionProperties) = preSolution
		HideSolutionNode = FALSE
	EndGlobalSection
	GlobalSection(ExtensibilityGlobals) = postSolution
		SolutionGuid = {7169AC23-4D97-4019-8F53-1D84D99E6696}
	EndGlobalSection
EndGlobal
